// !$*UTF8*$!
{
	archiveVersion = 1;
	classes = {
	};
	objectVersion = 50;
	objects = {

/* Begin PBXBuildFile section */
		D16E701C23AE73650040F628 /* main.swift in Sources */ = {isa = PBXBuildFile; fileRef = D16E701B23AE73650040F628 /* main.swift */; };
/* End PBXBuildFile section */

/* Begin PBXCopyFilesBuildPhase section */
		D16E701623AE73650040F628 /* CopyFiles */ = {
			isa = PBXCopyFilesBuildPhase;
			buildActionMask = 2147483647;
			dstPath = /usr/share/man/man1/;
			dstSubfolderSpec = 0;
			files = (
			);
			runOnlyForDeploymentPostprocessing = 1;
		};
/* End PBXCopyFilesBuildPhase section */

/* Begin PBXFileReference section */
		41BAEBCC248096EE00CD936E /* Lecture.pdf */ = {isa = PBXFileReference; lastKnownFileType = image.pdf; path = Lecture.pdf; sourceTree = "<group>"; };
		41CF6F472411A45D00193BFC /* Info.plist */ = {isa = PBXFileReference; lastKnownFileType = text.plist.xml; path = Info.plist; sourceTree = "<group>"; };
		D12B535223C3C04100F0B7F7 /* todo.sh */ = {isa = PBXFileReference; fileEncoding = 4; lastKnownFileType = text.script.sh; path = todo.sh; sourceTree = "<group>"; };
		D12B535623C3C15200F0B7F7 /* icon.png */ = {isa = PBXFileReference; lastKnownFileType = image.png; path = icon.png; sourceTree = "<group>"; };
		D12B535723C3C15200F0B7F7 /* Xcode-11.3-blue.png */ = {isa = PBXFileReference; lastKnownFileType = image.png; path = "Xcode-11.3-blue.png"; sourceTree = "<group>"; };
		D12B535823C3C15200F0B7F7 /* Swift-5.0-orange.png */ = {isa = PBXFileReference; lastKnownFileType = image.png; path = "Swift-5.0-orange.png"; sourceTree = "<group>"; };
		D14FEEF223AE77DF0054945F /* README.md */ = {isa = PBXFileReference; fileEncoding = 4; lastKnownFileType = net.daringfireball.markdown; path = README.md; sourceTree = "<group>"; };
		D16E701823AE73650040F628 /* Swift_Intro_Part_Two */ = {isa = PBXFileReference; explicitFileType = "compiled.mach-o.executable"; includeInIndex = 0; path = Swift_Intro_Part_Two; sourceTree = BUILT_PRODUCTS_DIR; };
		D16E701B23AE73650040F628 /* main.swift */ = {isa = PBXFileReference; lastKnownFileType = sourcecode.swift; path = main.swift; sourceTree = "<group>"; };
		D16E702423AE74160040F628 /* swiftlint.sh */ = {isa = PBXFileReference; fileEncoding = 4; lastKnownFileType = text.script.sh; path = swiftlint.sh; sourceTree = "<group>"; };
/* End PBXFileReference section */

/* Begin PBXFrameworksBuildPhase section */
		D16E701523AE73650040F628 /* Frameworks */ = {
			isa = PBXFrameworksBuildPhase;
			buildActionMask = 2147483647;
			files = (
			);
			runOnlyForDeploymentPostprocessing = 0;
		};
/* End PBXFrameworksBuildPhase section */

/* Begin PBXGroup section */
		41CF6F482411A46B00193BFC /* Supporting Files */ = {
			isa = PBXGroup;
			children = (
				41CF6F472411A45D00193BFC /* Info.plist */,
			);
			name = "Supporting Files";
			sourceTree = "<group>";
		};
		D12B535023C3BB8A00F0B7F7 /* Assets */ = {
			isa = PBXGroup;
			children = (
				D12B535623C3C15200F0B7F7 /* icon.png */,
				D12B535823C3C15200F0B7F7 /* Swift-5.0-orange.png */,
				D12B535723C3C15200F0B7F7 /* Xcode-11.3-blue.png */,
			);
			path = Assets;
			sourceTree = "<group>";
		};
		D16E700F23AE73650040F628 = {
			isa = PBXGroup;
			children = (
				D14FEEF223AE77DF0054945F /* README.md */,
				41BAEBCC248096EE00CD936E /* Lecture.pdf */,
				D16E701A23AE73650040F628 /* Swift_Intro_Part_Two */,
				D12B535023C3BB8A00F0B7F7 /* Assets */,
				D16E702223AE73720040F628 /* Scripts */,
				D16E701923AE73650040F628 /* Products */,
			);
			sourceTree = "<group>";
		};
		D16E701923AE73650040F628 /* Products */ = {
			isa = PBXGroup;
			children = (
				D16E701823AE73650040F628 /* Swift_Intro_Part_Two */,
			);
			name = Products;
			sourceTree = "<group>";
		};
		D16E701A23AE73650040F628 /* Swift_Intro_Part_Two */ = {
			isa = PBXGroup;
			children = (
				D16E701B23AE73650040F628 /* main.swift */,
				41CF6F482411A46B00193BFC /* Supporting Files */,
			);
			path = Swift_Intro_Part_Two;
			sourceTree = "<group>";
		};
		D16E702223AE73720040F628 /* Scripts */ = {
			isa = PBXGroup;
			children = (
				D12B535223C3C04100F0B7F7 /* todo.sh */,
				D16E702423AE74160040F628 /* swiftlint.sh */,
			);
			path = Scripts;
			sourceTree = "<group>";
		};
/* End PBXGroup section */

/* Begin PBXNativeTarget section */
		D16E701723AE73650040F628 /* Swift_Intro_Part_Two */ = {
			isa = PBXNativeTarget;
			buildConfigurationList = D16E701F23AE73650040F628 /* Build configuration list for PBXNativeTarget "Swift_Intro_Part_Two" */;
			buildPhases = (
				D16E701423AE73650040F628 /* Sources */,
				D16E701523AE73650040F628 /* Frameworks */,
				D16E701623AE73650040F628 /* CopyFiles */,
				D16E702323AE73D60040F628 /* Run Script - SwiftLint */,
				D12B535323C3C04F00F0B7F7 /* Run Script - Todo */,
			);
			buildRules = (
			);
			dependencies = (
			);
			name = Swift_Intro_Part_Two;
			productName = CollectionHigherOrderFunctions;
			productReference = D16E701823AE73650040F628 /* Swift_Intro_Part_Two */;
			productType = "com.apple.product-type.tool";
		};
/* End PBXNativeTarget section */

/* Begin PBXProject section */
		D16E701023AE73650040F628 /* Project object */ = {
			isa = PBXProject;
			attributes = {
				LastSwiftUpdateCheck = 1130;
				LastUpgradeCheck = 1130;
				ORGANIZATIONNAME = UMSL;
				TargetAttributes = {
					D16E701723AE73650040F628 = {
						CreatedOnToolsVersion = 11.3;
					};
				};
			};
			buildConfigurationList = D16E701323AE73650040F628 /* Build configuration list for PBXProject "Swift_Intro_Part_Two" */;
			compatibilityVersion = "Xcode 9.3";
			developmentRegion = en;
			hasScannedForEncodings = 0;
			knownRegions = (
				en,
				Base,
			);
			mainGroup = D16E700F23AE73650040F628;
			productRefGroup = D16E701923AE73650040F628 /* Products */;
			projectDirPath = "";
			projectRoot = "";
			targets = (
				D16E701723AE73650040F628 /* Swift_Intro_Part_Two */,
			);
		};
/* End PBXProject section */

/* Begin PBXShellScriptBuildPhase section */
		D12B535323C3C04F00F0B7F7 /* Run Script - Todo */ = {
			isa = PBXShellScriptBuildPhase;
			buildActionMask = 2147483647;
			files = (
			);
			inputFileListPaths = (
			);
			inputPaths = (
			);
			name = "Run Script - Todo";
			outputFileListPaths = (
			);
			outputPaths = (
			);
			runOnlyForDeploymentPostprocessing = 0;
			shellPath = /bin/sh;
			shellScript = "./Scripts/todo.sh\n";
		};
		D16E702323AE73D60040F628 /* Run Script - SwiftLint */ = {
			isa = PBXShellScriptBuildPhase;
			buildActionMask = 2147483647;
			files = (
			);
			inputFileListPaths = (
			);
			inputPaths = (
			);
			name = "Run Script - SwiftLint";
			outputFileListPaths = (
			);
			outputPaths = (
			);
			runOnlyForDeploymentPostprocessing = 0;
			shellPath = /bin/sh;
			shellScript = "./Scripts/swiftlint.sh\n";
		};
/* End PBXShellScriptBuildPhase section */

/* Begin PBXSourcesBuildPhase section */
		D16E701423AE73650040F628 /* Sources */ = {
			isa = PBXSourcesBuildPhase;
			buildActionMask = 2147483647;
			files = (
				D16E701C23AE73650040F628 /* main.swift in Sources */,
			);
			runOnlyForDeploymentPostprocessing = 0;
		};
/* End PBXSourcesBuildPhase section */

/* Begin XCBuildConfiguration section */
		D16E701D23AE73650040F628 /* Debug */ = {
			isa = XCBuildConfiguration;
			buildSettings = {
				ALWAYS_SEARCH_USER_PATHS = NO;
				CLANG_ANALYZER_NONNULL = YES;
				CLANG_ANALYZER_NUMBER_OBJECT_CONVERSION = YES_AGGRESSIVE;
				CLANG_CXX_LANGUAGE_STANDARD = "gnu++14";
				CLANG_CXX_LIBRARY = "libc++";
				CLANG_ENABLE_MODULES = YES;
				CLANG_ENABLE_OBJC_ARC = YES;
				CLANG_ENABLE_OBJC_WEAK = YES;
				CLANG_WARN_BLOCK_CAPTURE_AUTORELEASING = YES;
				CLANG_WARN_BOOL_CONVERSION = YES;
				CLANG_WARN_COMMA = YES;
				CLANG_WARN_CONSTANT_CONVERSION = YES;
				CLANG_WARN_DEPRECATED_OBJC_IMPLEMENTATIONS = YES;
				CLANG_WARN_DIRECT_OBJC_ISA_USAGE = YES_ERROR;
				CLANG_WARN_DOCUMENTATION_COMMENTS = YES;
				CLANG_WARN_EMPTY_BODY = YES;
				CLANG_WARN_ENUM_CONVERSION = YES;
				CLANG_WARN_INFINITE_RECURSION = YES;
				CLANG_WARN_INT_CONVERSION = YES;
				CLANG_WARN_NON_LITERAL_NULL_CONVERSION = YES;
				CLANG_WARN_OBJC_IMPLICIT_RETAIN_SELF = YES;
				CLANG_WARN_OBJC_LITERAL_CONVERSION = YES;
				CLANG_WARN_OBJC_ROOT_CLASS = YES_ERROR;
				CLANG_WARN_RANGE_LOOP_ANALYSIS = YES;
				CLANG_WARN_STRICT_PROTOTYPES = YES;
				CLANG_WARN_SUSPICIOUS_MOVE = YES;
				CLANG_WARN_UNGUARDED_AVAILABILITY = YES_AGGRESSIVE;
				CLANG_WARN_UNREACHABLE_CODE = YES;
				CLANG_WARN__DUPLICATE_METHOD_MATCH = YES;
				COPY_PHASE_STRIP = NO;
				DEBUG_INFORMATION_FORMAT = dwarf;
				ENABLE_STRICT_OBJC_MSGSEND = YES;
				ENABLE_TESTABILITY = YES;
				GCC_C_LANGUAGE_STANDARD = gnu11;
				GCC_DYNAMIC_NO_PIC = NO;
				GCC_NO_COMMON_BLOCKS = YES;
				GCC_OPTIMIZATION_LEVEL = 0;
				GCC_PREPROCESSOR_DEFINITIONS = (
					"DEBUG=1",
					"$(inherited)",
				);
				GCC_WARN_64_TO_32_BIT_CONVERSION = YES;
				GCC_WARN_ABOUT_RETURN_TYPE = YES_ERROR;
				GCC_WARN_UNDECLARED_SELECTOR = YES;
				GCC_WARN_UNINITIALIZED_AUTOS = YES_AGGRESSIVE;
				GCC_WARN_UNUSED_FUNCTION = YES;
				GCC_WARN_UNUSED_VARIABLE = YES;
				MACOSX_DEPLOYMENT_TARGET = 10.14;
				MTL_ENABLE_DEBUG_INFO = INCLUDE_SOURCE;
				MTL_FAST_MATH = YES;
				ONLY_ACTIVE_ARCH = YES;
				SDKROOT = macosx;
				SWIFT_ACTIVE_COMPILATION_CONDITIONS = DEBUG;
				SWIFT_OPTIMIZATION_LEVEL = "-Onone";
			};
			name = Debug;
		};
		D16E701E23AE73650040F628 /* Release */ = {
			isa = XCBuildConfiguration;
			buildSettings = {
				ALWAYS_SEARCH_USER_PATHS = NO;
				CLANG_ANALYZER_NONNULL = YES;
				CLANG_ANALYZER_NUMBER_OBJECT_CONVERSION = YES_AGGRESSIVE;
				CLANG_CXX_LANGUAGE_STANDARD = "gnu++14";
				CLANG_CXX_LIBRARY = "libc++";
				CLANG_ENABLE_MODULES = YES;
				CLANG_ENABLE_OBJC_ARC = YES;
				CLANG_ENABLE_OBJC_WEAK = YES;
				CLANG_WARN_BLOCK_CAPTURE_AUTORELEASING = YES;
				CLANG_WARN_BOOL_CONVERSION = YES;
				CLANG_WARN_COMMA = YES;
				CLANG_WARN_CONSTANT_CONVERSION = YES;
				CLANG_WARN_DEPRECATED_OBJC_IMPLEMENTATIONS = YES;
				CLANG_WARN_DIRECT_OBJC_ISA_USAGE = YES_ERROR;
				CLANG_WARN_DOCUMENTATION_COMMENTS = YES;
				CLANG_WARN_EMPTY_BODY = YES;
				CLANG_WARN_ENUM_CONVERSION = YES;
				CLANG_WARN_INFINITE_RECURSION = YES;
				CLANG_WARN_INT_CONVERSION = YES;
				CLANG_WARN_NON_LITERAL_NULL_CONVERSION = YES;
				CLANG_WARN_OBJC_IMPLICIT_RETAIN_SELF = YES;
				CLANG_WARN_OBJC_LITERAL_CONVERSION = YES;
				CLANG_WARN_OBJC_ROOT_CLASS = YES_ERROR;
				CLANG_WARN_RANGE_LOOP_ANALYSIS = YES;
				CLANG_WARN_STRICT_PROTOTYPES = YES;
				CLANG_WARN_SUSPICIOUS_MOVE = YES;
				CLANG_WARN_UNGUARDED_AVAILABILITY = YES_AGGRESSIVE;
				CLANG_WARN_UNREACHABLE_CODE = YES;
				CLANG_WARN__DUPLICATE_METHOD_MATCH = YES;
				COPY_PHASE_STRIP = NO;
				DEBUG_INFORMATION_FORMAT = "dwarf-with-dsym";
				ENABLE_NS_ASSERTIONS = NO;
				ENABLE_STRICT_OBJC_MSGSEND = YES;
				GCC_C_LANGUAGE_STANDARD = gnu11;
				GCC_NO_COMMON_BLOCKS = YES;
				GCC_WARN_64_TO_32_BIT_CONVERSION = YES;
				GCC_WARN_ABOUT_RETURN_TYPE = YES_ERROR;
				GCC_WARN_UNDECLARED_SELECTOR = YES;
				GCC_WARN_UNINITIALIZED_AUTOS = YES_AGGRESSIVE;
				GCC_WARN_UNUSED_FUNCTION = YES;
				GCC_WARN_UNUSED_VARIABLE = YES;
				MACOSX_DEPLOYMENT_TARGET = 10.14;
				MTL_ENABLE_DEBUG_INFO = NO;
				MTL_FAST_MATH = YES;
				SDKROOT = macosx;
				SWIFT_COMPILATION_MODE = wholemodule;
				SWIFT_OPTIMIZATION_LEVEL = "-O";
			};
			name = Release;
		};
		D16E702023AE73650040F628 /* Debug */ = {
			isa = XCBuildConfiguration;
			buildSettings = {
				CODE_SIGN_STYLE = Automatic;
				CREATE_INFOPLIST_SECTION_IN_BINARY = YES;
				INFOPLIST_FILE = "$(PROJECT)/Info.plist";
				PRODUCT_BUNDLE_IDENTIFIER = "edu.umsl.cs.Swift-Intro-Part-Two";
				PRODUCT_NAME = "$(TARGET_NAME)";
				SWIFT_VERSION = 5.0;
			};
			name = Debug;
		};
		D16E702123AE73650040F628 /* Release */ = {
			isa = XCBuildConfiguration;
			buildSettings = {
				CODE_SIGN_STYLE = Automatic;
				CREATE_INFOPLIST_SECTION_IN_BINARY = YES;
				INFOPLIST_FILE = "$(PROJECT)/Info.plist";
				PRODUCT_BUNDLE_IDENTIFIER = "edu.umsl.cs.Swift-Intro-Part-Two";
				PRODUCT_NAME = "$(TARGET_NAME)";
				SWIFT_VERSION = 5.0;
			};
			name = Release;
		};
/* End XCBuildConfiguration section */

/* Begin XCConfigurationList section */
		D16E701323AE73650040F628 /* Build configuration list for PBXProject "Swift_Intro_Part_Two" */ = {
			isa = XCConfigurationList;
			buildConfigurations = (
				D16E701D23AE73650040F628 /* Debug */,
				D16E701E23AE73650040F628 /* Release */,
			);
			defaultConfigurationIsVisible = 0;
			defaultConfigurationName = Release;
		};
		D16E701F23AE73650040F628 /* Build configuration list for PBXNativeTarget "Swift_Intro_Part_Two" */ = {
			isa = XCConfigurationList;
			buildConfigurations = (
				D16E702023AE73650040F628 /* Debug */,
				D16E702123AE73650040F628 /* Release */,
			);
			defaultConfigurationIsVisible = 0;
			defaultConfigurationName = Release;
		};
/* End XCConfigurationList section */
	};
	rootObject = D16E701023AE73650040F628 /* Project object */;
}
